PODS:
  - IQKeyboardManagerSwift (6.5.6)
  - RxCocoa (5.1.1):
    - RxRelay (~> 5)
    - RxSwift (~> 5)
  - RxRelay (5.1.1):
    - RxSwift (~> 5)
  - RxSwift (5.1.2)
  - SDWebImage (4.4.8):
    - SDWebImage/Core (= 4.4.8)
  - SDWebImage/Core (4.4.8)
  - Swinject (2.7.1)

DEPENDENCIES:
  - IQKeyboardManagerSwift
  - RxCocoa (~> 5.0)
  - RxSwift (~> 5.0)
  - SDWebImage (~> 4.4.2)
  - Swinject

SPEC REPOS:
  trunk:
    - IQKeyboardManagerSwift
    - RxCocoa
    - RxRelay
    - RxSwift
    - SDWebImage
    - Swinject

SPEC CHECKSUMS:
  IQKeyboardManagerSwift: c7df9d2deb356c04522f5c4b7b6e4ce4d8ed94fe
  RxCocoa: 32065309a38d29b5b0db858819b5bf9ef038b601
  RxRelay: d77f7d771495f43c556cbc43eebd1bb54d01e8e9
  RxSwift: 1e2e1f9570186967f617e49128ed26ccf1bafc8e
  SDWebImage: 783af2c3fa36291a250030c4752ee370a9a51d13
  Swinject: ddf78b8486dd9b71a667b852cad919ab4484478e

PODFILE CHECKSUM: 368ced46a952c1c49a12a2bb1ad2c3c8b5611f90

COCOAPODS: 1.10.1
