// !$*UTF8*$!
{
	archiveVersion = 1;
	classes = {
	};
	objectVersion = 51;
	objects = {

/* Begin PBXBuildFile section */
		7FBA12718D71341FCB30B847 /* Pods_eTurist.framework in Frameworks */ = {isa = PBXBuildFile; fileRef = D64A30EC32407D02DB89C5D7 /* Pods_eTurist.framework */; };
		AD27F5D1266558F800268AA2 /* StackItemView.xib in Resources */ = {isa = PBXBuildFile; fileRef = AD27F5CC266558F800268AA2 /* StackItemView.xib */; };
		AD27F5D2266558F800268AA2 /* UIView+Helper.swift in Sources */ = {isa = PBXBuildFile; fileRef = AD27F5CD266558F800268AA2 /* UIView+Helper.swift */; };
		AD27F5D5266558F800268AA2 /* StackItemView.swift in Sources */ = {isa = PBXBuildFile; fileRef = AD27F5D0266558F800268AA2 /* StackItemView.swift */; };
		AD27F5DA2665596400268AA2 /* UIColor+Extensions.swift in Sources */ = {isa = PBXBuildFile; fileRef = AD27F5D92665596400268AA2 /* UIColor+Extensions.swift */; };
		AD27F5DF266559A500268AA2 /* NSObject+Extensions.swift in Sources */ = {isa = PBXBuildFile; fileRef = AD27F5DE266559A500268AA2 /* NSObject+Extensions.swift */; };
		AD27F5F02665623200268AA2 /* TabBarItem.swift in Sources */ = {isa = PBXBuildFile; fileRef = AD27F5EF2665623200268AA2 /* TabBarItem.swift */; };
		AD3D18552663F1EB00F853CC /* AppDelegate.swift in Sources */ = {isa = PBXBuildFile; fileRef = AD3D18542663F1EB00F853CC /* AppDelegate.swift */; };
		AD3D18572663F1EB00F853CC /* SceneDelegate.swift in Sources */ = {isa = PBXBuildFile; fileRef = AD3D18562663F1EB00F853CC /* SceneDelegate.swift */; };
		AD3D185E2663F1EC00F853CC /* Assets.xcassets in Resources */ = {isa = PBXBuildFile; fileRef = AD3D185D2663F1EC00F853CC /* Assets.xcassets */; };
		AD3D18612663F1EC00F853CC /* LaunchScreen.storyboard in Resources */ = {isa = PBXBuildFile; fileRef = AD3D185F2663F1EC00F853CC /* LaunchScreen.storyboard */; };
		AD3D186C2663F1EC00F853CC /* eTuristTests.swift in Sources */ = {isa = PBXBuildFile; fileRef = AD3D186B2663F1EC00F853CC /* eTuristTests.swift */; };
		AD3D18772663F1EC00F853CC /* eTuristUITests.swift in Sources */ = {isa = PBXBuildFile; fileRef = AD3D18762663F1EC00F853CC /* eTuristUITests.swift */; };
		AD3D18B42663F40B00F853CC /* Constants.swift in Sources */ = {isa = PBXBuildFile; fileRef = AD3D18B32663F40B00F853CC /* Constants.swift */; };
		AD3D18B92663F7D700F853CC /* UIView+Extensions.swift in Sources */ = {isa = PBXBuildFile; fileRef = AD3D18B82663F7D700F853CC /* UIView+Extensions.swift */; };
		AD3D18C82663FC0B00F853CC /* UIButton+Extensions.swift in Sources */ = {isa = PBXBuildFile; fileRef = AD3D18C72663FC0B00F853CC /* UIButton+Extensions.swift */; };
		AD3D18CD2663FC5400F853CC /* UITextField+Extensions.swift in Sources */ = {isa = PBXBuildFile; fileRef = AD3D18CC2663FC5400F853CC /* UITextField+Extensions.swift */; };
		AD3D18DE2663FDFD00F853CC /* Coordinator.swift in Sources */ = {isa = PBXBuildFile; fileRef = AD3D18DD2663FDFD00F853CC /* Coordinator.swift */; };
		AD3D18E32663FE6200F853CC /* AppCoordinator.swift in Sources */ = {isa = PBXBuildFile; fileRef = AD3D18E22663FE6200F853CC /* AppCoordinator.swift */; };
		AD3D18E82663FEBD00F853CC /* AppAssembly.swift in Sources */ = {isa = PBXBuildFile; fileRef = AD3D18E72663FEBD00F853CC /* AppAssembly.swift */; };
		AD3D18ED2663FEFF00F853CC /* Assembler+Extensions.swift in Sources */ = {isa = PBXBuildFile; fileRef = AD3D18EC2663FEFF00F853CC /* Assembler+Extensions.swift */; };
		AD3D19042664008C00F853CC /* BaseView.swift in Sources */ = {isa = PBXBuildFile; fileRef = AD3D19032664008C00F853CC /* BaseView.swift */; };
		AD3D1909266400FC00F853CC /* BaseViewController.swift in Sources */ = {isa = PBXBuildFile; fileRef = AD3D1908266400FC00F853CC /* BaseViewController.swift */; };
		AD3D190E2664014100F853CC /* BaseViewModel.swift in Sources */ = {isa = PBXBuildFile; fileRef = AD3D190D2664014100F853CC /* BaseViewModel.swift */; };
		AD3D19132664019800F853CC /* Repository.swift in Sources */ = {isa = PBXBuildFile; fileRef = AD3D19122664019800F853CC /* Repository.swift */; };
		AD3D1918266401C100F853CC /* MainRepository.swift in Sources */ = {isa = PBXBuildFile; fileRef = AD3D1917266401C100F853CC /* MainRepository.swift */; };
		AD3D191F266403B100F853CC /* HomeViewModel.swift in Sources */ = {isa = PBXBuildFile; fileRef = AD3D191E266403B100F853CC /* HomeViewModel.swift */; };
		AD3D1924266403E800F853CC /* HomeViewController.swift in Sources */ = {isa = PBXBuildFile; fileRef = AD3D1923266403E800F853CC /* HomeViewController.swift */; };
		AD3D192E2664053A00F853CC /* NetworkService.swift in Sources */ = {isa = PBXBuildFile; fileRef = AD3D192D2664053A00F853CC /* NetworkService.swift */; };
		AD7B740F2665709E0062F86B /* HomeViewController+Extensions.swift in Sources */ = {isa = PBXBuildFile; fileRef = AD7B740E2665709E0062F86B /* HomeViewController+Extensions.swift */; };
		AD7B742826665BB70062F86B /* LoginViewCotroller.swift in Sources */ = {isa = PBXBuildFile; fileRef = AD7B742726665BB70062F86B /* LoginViewCotroller.swift */; };
		AD7B742D26665BE40062F86B /* LoginViewModel.swift in Sources */ = {isa = PBXBuildFile; fileRef = AD7B742C26665BE40062F86B /* LoginViewModel.swift */; };
		AD7B743326665C2C0062F86B /* LoginView.swift in Sources */ = {isa = PBXBuildFile; fileRef = AD7B743226665C2C0062F86B /* LoginView.swift */; };
		AD7B743826665EC30062F86B /* TextField.swift in Sources */ = {isa = PBXBuildFile; fileRef = AD7B743726665EC30062F86B /* TextField.swift */; };
		AD7B7441266664AB0062F86B /* User.swift in Sources */ = {isa = PBXBuildFile; fileRef = AD7B7440266664AB0062F86B /* User.swift */; };
		AD7B74492666659D0062F86B /* UserSingleton.swift in Sources */ = {isa = PBXBuildFile; fileRef = AD7B74482666659D0062F86B /* UserSingleton.swift */; };
		AD7B744E26667BC00062F86B /* ButtonGradient.swift in Sources */ = {isa = PBXBuildFile; fileRef = AD7B744D26667BC00062F86B /* ButtonGradient.swift */; };
		AD7B7454266689C60062F86B /* LoginRequestModel.swift in Sources */ = {isa = PBXBuildFile; fileRef = AD7B7453266689C60062F86B /* LoginRequestModel.swift */; };
		AD7B745926668AA20062F86B /* NetworkResponse.swift in Sources */ = {isa = PBXBuildFile; fileRef = AD7B745826668AA20062F86B /* NetworkResponse.swift */; };
		AD7B745E26668B310062F86B /* LoginResponse.swift in Sources */ = {isa = PBXBuildFile; fileRef = AD7B745D26668B310062F86B /* LoginResponse.swift */; };
		AD7B74672666C8B10062F86B /* RegistrationViewController.swift in Sources */ = {isa = PBXBuildFile; fileRef = AD7B74662666C8B10062F86B /* RegistrationViewController.swift */; };
		AD7B746C2666C8DC0062F86B /* RegistrationViewModel.swift in Sources */ = {isa = PBXBuildFile; fileRef = AD7B746B2666C8DC0062F86B /* RegistrationViewModel.swift */; };
		AD7B74732666C9060062F86B /* RegistrationView.swift in Sources */ = {isa = PBXBuildFile; fileRef = AD7B74722666C9060062F86B /* RegistrationView.swift */; };
		AD7B747C2667C9070062F86B /* CodeValidationViewController.swift in Sources */ = {isa = PBXBuildFile; fileRef = AD7B747B2667C9070062F86B /* CodeValidationViewController.swift */; };
		AD7B74842667C9320062F86B /* CodeValidationViewModel.swift in Sources */ = {isa = PBXBuildFile; fileRef = AD7B74832667C9320062F86B /* CodeValidationViewModel.swift */; };
		AD7B748A2667C9590062F86B /* CodeValidationView.swift in Sources */ = {isa = PBXBuildFile; fileRef = AD7B74892667C9590062F86B /* CodeValidationView.swift */; };
		AD7B749326691D060062F86B /* PinView.swift in Sources */ = {isa = PBXBuildFile; fileRef = AD7B749226691D060062F86B /* PinView.swift */; };
		AD7B749B26691D430062F86B /* PinTextField.swift in Sources */ = {isa = PBXBuildFile; fileRef = AD7B749A26691D430062F86B /* PinTextField.swift */; };
		AD7B74A026691F310062F86B /* String+Extensions.swift in Sources */ = {isa = PBXBuildFile; fileRef = AD7B749F26691F310062F86B /* String+Extensions.swift */; };
		AD7B74A526695EA70062F86B /* NSMutableData+Extensions.swift in Sources */ = {isa = PBXBuildFile; fileRef = AD7B74A426695EA70062F86B /* NSMutableData+Extensions.swift */; };
		AD7B74AA266968770062F86B /* EmptyNetworkResponse.swift in Sources */ = {isa = PBXBuildFile; fileRef = AD7B74A9266968770062F86B /* EmptyNetworkResponse.swift */; };
		AD7B74AF26696CCB0062F86B /* ValidateCodeRequestModel.swift in Sources */ = {isa = PBXBuildFile; fileRef = AD7B74AE26696CCB0062F86B /* ValidateCodeRequestModel.swift */; };
		AD7B74B4266A7BB90062F86B /* UnderlinedLabel.swift in Sources */ = {isa = PBXBuildFile; fileRef = AD7B74B3266A7BB90062F86B /* UnderlinedLabel.swift */; };
		AD7B74B9266A900F0062F86B /* ImagePickerController.swift in Sources */ = {isa = PBXBuildFile; fileRef = AD7B74B8266A900F0062F86B /* ImagePickerController.swift */; };
		AD7B74CA266AF1FA0062F86B /* ChangePasswordViewController.swift in Sources */ = {isa = PBXBuildFile; fileRef = AD7B74C9266AF1FA0062F86B /* ChangePasswordViewController.swift */; };
		AD7B74D9266AF22B0062F86B /* ChangePasswordViewModel.swift in Sources */ = {isa = PBXBuildFile; fileRef = AD7B74D8266AF22B0062F86B /* ChangePasswordViewModel.swift */; };
		AD7B74DF266AF24E0062F86B /* ChangePasswordView.swift in Sources */ = {isa = PBXBuildFile; fileRef = AD7B74DE266AF24E0062F86B /* ChangePasswordView.swift */; };
		AD7B74EB266BCD430062F86B /* ChangePasswordRequestModel.swift in Sources */ = {isa = PBXBuildFile; fileRef = AD7B74EA266BCD430062F86B /* ChangePasswordRequestModel.swift */; };
		AD7B74F0266BD1330062F86B /* MainRepository+User.swift in Sources */ = {isa = PBXBuildFile; fileRef = AD7B74EF266BD1330062F86B /* MainRepository+User.swift */; };
		AD7B74F5266BDB510062F86B /* UserResponseModel.swift in Sources */ = {isa = PBXBuildFile; fileRef = AD7B74F4266BDB510062F86B /* UserResponseModel.swift */; };
		AD7B74FB266C0B900062F86B /* MapViewController.swift in Sources */ = {isa = PBXBuildFile; fileRef = AD7B74FA266C0B900062F86B /* MapViewController.swift */; };
		AD7B7503266C0BB40062F86B /* MapViewModel.swift in Sources */ = {isa = PBXBuildFile; fileRef = AD7B7502266C0BB40062F86B /* MapViewModel.swift */; };
		AD7B7509266C0BD50062F86B /* MapView.swift in Sources */ = {isa = PBXBuildFile; fileRef = AD7B7508266C0BD50062F86B /* MapView.swift */; };
		AD7B7511266C236B0062F86B /* LocationViewController.swift in Sources */ = {isa = PBXBuildFile; fileRef = AD7B7510266C236B0062F86B /* LocationViewController.swift */; };
		AD7B751B266CF8770062F86B /* RoutesResponseModel.swift in Sources */ = {isa = PBXBuildFile; fileRef = AD7B751A266CF8770062F86B /* RoutesResponseModel.swift */; };
		AD7B7520266CF8A20062F86B /* City.swift in Sources */ = {isa = PBXBuildFile; fileRef = AD7B751F266CF8A20062F86B /* City.swift */; };
		AD7B7525266CF9320062F86B /* Route.swift in Sources */ = {isa = PBXBuildFile; fileRef = AD7B7524266CF9320062F86B /* Route.swift */; };
		AD7B752A266CF9AD0062F86B /* Destination.swift in Sources */ = {isa = PBXBuildFile; fileRef = AD7B7529266CF9AD0062F86B /* Destination.swift */; };
		AD7B752F266CFA520062F86B /* Point.swift in Sources */ = {isa = PBXBuildFile; fileRef = AD7B752E266CFA520062F86B /* Point.swift */; };
		AD7B7534266CFAA90062F86B /* MainRepository+Routes.swift in Sources */ = {isa = PBXBuildFile; fileRef = AD7B7533266CFAA90062F86B /* MainRepository+Routes.swift */; };
		AD7B753C266D04830062F86B /* RoutesTableViewCell.swift in Sources */ = {isa = PBXBuildFile; fileRef = AD7B753B266D04830062F86B /* RoutesTableViewCell.swift */; };
		AD7B7541266D461C0062F86B /* SearchBar.swift in Sources */ = {isa = PBXBuildFile; fileRef = AD7B7540266D461C0062F86B /* SearchBar.swift */; };
		AD7B7546266D62760062F86B /* VisitedDestinationsResponseModel.swift in Sources */ = {isa = PBXBuildFile; fileRef = AD7B7545266D62760062F86B /* VisitedDestinationsResponseModel.swift */; };
		AD7B754B266D62C60062F86B /* MainRepository+Destinations.swift in Sources */ = {isa = PBXBuildFile; fileRef = AD7B754A266D62C60062F86B /* MainRepository+Destinations.swift */; };
		AD7B75A7266D6E390062F86B /* DestinationCollectionsViewCell.swift in Sources */ = {isa = PBXBuildFile; fileRef = AD7B75A6266D6E390062F86B /* DestinationCollectionsViewCell.swift */; };
		AD7B75AE266E72FC0062F86B /* CityPickerViewController.swift in Sources */ = {isa = PBXBuildFile; fileRef = AD7B75AD266E72FC0062F86B /* CityPickerViewController.swift */; };
		AD7B75B3266E73260062F86B /* CityPickerViewModel.swift in Sources */ = {isa = PBXBuildFile; fileRef = AD7B75B2266E73260062F86B /* CityPickerViewModel.swift */; };
		AD7B75B8266E735A0062F86B /* CityPickerView.swift in Sources */ = {isa = PBXBuildFile; fileRef = AD7B75B7266E735A0062F86B /* CityPickerView.swift */; };
		AD7B75C0266E74230062F86B /* ChangePasswordDialogDelegate.swift in Sources */ = {isa = PBXBuildFile; fileRef = AD7B75BF266E74230062F86B /* ChangePasswordDialogDelegate.swift */; };
		AD7B75C5266E74510062F86B /* CityPickerDialogDelegate.swift in Sources */ = {isa = PBXBuildFile; fileRef = AD7B75C4266E74510062F86B /* CityPickerDialogDelegate.swift */; };
		AD7B75CD266E7C940062F86B /* CititesResponseModel.swift in Sources */ = {isa = PBXBuildFile; fileRef = AD7B75CC266E7C940062F86B /* CititesResponseModel.swift */; };
		AD7B75D2266E7F240062F86B /* CityPickerTableViewCell.swift in Sources */ = {isa = PBXBuildFile; fileRef = AD7B75D1266E7F240062F86B /* CityPickerTableViewCell.swift */; };
		AD7B75D7266E82140062F86B /* RadioButton.swift in Sources */ = {isa = PBXBuildFile; fileRef = AD7B75D6266E82140062F86B /* RadioButton.swift */; };
		AD7B75DC266FF9C20062F86B /* ProgressBar.swift in Sources */ = {isa = PBXBuildFile; fileRef = AD7B75DB266FF9C20062F86B /* ProgressBar.swift */; };
		AD7B75E126700BA40062F86B /* RatingView.swift in Sources */ = {isa = PBXBuildFile; fileRef = AD7B75E026700BA40062F86B /* RatingView.swift */; };
		AD7B75F2267014F10062F86B /* rewardbadge.json in Resources */ = {isa = PBXBuildFile; fileRef = AD7B75F1267014F10062F86B /* rewardbadge.json */; };
		AD89141026650F4000B960FD /* RoutesViewController.swift in Sources */ = {isa = PBXBuildFile; fileRef = AD89140F26650F4000B960FD /* RoutesViewController.swift */; };
		AD89141526650F8600B960FD /* RoutesViewModel.swift in Sources */ = {isa = PBXBuildFile; fileRef = AD89141426650F8600B960FD /* RoutesViewModel.swift */; };
		AD89141B26650FA900B960FD /* RoutesView.swift in Sources */ = {isa = PBXBuildFile; fileRef = AD89141A26650FA900B960FD /* RoutesView.swift */; };
		AD8914212665152800B960FD /* HistoryViewController.swift in Sources */ = {isa = PBXBuildFile; fileRef = AD8914202665152800B960FD /* HistoryViewController.swift */; };
		AD8914262665154C00B960FD /* HistoryViewModel.swift in Sources */ = {isa = PBXBuildFile; fileRef = AD8914252665154C00B960FD /* HistoryViewModel.swift */; };
		AD89142C2665157300B960FD /* HistoryView.swift in Sources */ = {isa = PBXBuildFile; fileRef = AD89142B2665157300B960FD /* HistoryView.swift */; };
		AD891432266515DD00B960FD /* ProfileViewController.swift in Sources */ = {isa = PBXBuildFile; fileRef = AD891431266515DD00B960FD /* ProfileViewController.swift */; };
		AD8914372665160100B960FD /* ProfileViewModel.swift in Sources */ = {isa = PBXBuildFile; fileRef = AD8914362665160100B960FD /* ProfileViewModel.swift */; };
		AD89143D2665162000B960FD /* ProfileView.swift in Sources */ = {isa = PBXBuildFile; fileRef = AD89143C2665162000B960FD /* ProfileView.swift */; };
		AD9FED9726B087F300AA8634 /* AddDestinationToVisitedRequestModel.swift in Sources */ = {isa = PBXBuildFile; fileRef = AD9FED9626B087F300AA8634 /* AddDestinationToVisitedRequestModel.swift */; };
		AD9FED9C26BDEA2C00AA8634 /* successAnimation.json in Resources */ = {isa = PBXBuildFile; fileRef = AD9FED9B26BDEA2C00AA8634 /* successAnimation.json */; };
		AD9FEDA226BEFA1600AA8634 /* DestinationDetailsViewController.swift in Sources */ = {isa = PBXBuildFile; fileRef = AD9FEDA126BEFA1600AA8634 /* DestinationDetailsViewController.swift */; };
		AD9FEDA726BEFA5500AA8634 /* DestinationDetailsViewModel.swift in Sources */ = {isa = PBXBuildFile; fileRef = AD9FEDA626BEFA5500AA8634 /* DestinationDetailsViewModel.swift */; };
		AD9FEDAD26BEFA9500AA8634 /* DestinationDetailsView.swift in Sources */ = {isa = PBXBuildFile; fileRef = AD9FEDAC26BEFA9500AA8634 /* DestinationDetailsView.swift */; };
/* End PBXBuildFile section */

/* Begin PBXContainerItemProxy section */
		AD3D18682663F1EC00F853CC /* PBXContainerItemProxy */ = {
			isa = PBXContainerItemProxy;
			containerPortal = AD3D18492663F1EB00F853CC /* Project object */;
			proxyType = 1;
			remoteGlobalIDString = AD3D18502663F1EB00F853CC;
			remoteInfo = eTurist;
		};
		AD3D18732663F1EC00F853CC /* PBXContainerItemProxy */ = {
			isa = PBXContainerItemProxy;
			containerPortal = AD3D18492663F1EB00F853CC /* Project object */;
			proxyType = 1;
			remoteGlobalIDString = AD3D18502663F1EB00F853CC;
			remoteInfo = eTurist;
		};
/* End PBXContainerItemProxy section */

/* Begin PBXFileReference section */
		703F936134A68E31F54B1586 /* Pods-eTurist.debug.xcconfig */ = {isa = PBXFileReference; includeInIndex = 1; lastKnownFileType = text.xcconfig; name = "Pods-eTurist.debug.xcconfig"; path = "Target Support Files/Pods-eTurist/Pods-eTurist.debug.xcconfig"; sourceTree = "<group>"; };
		AD27F5CC266558F800268AA2 /* StackItemView.xib */ = {isa = PBXFileReference; fileEncoding = 4; lastKnownFileType = file.xib; path = StackItemView.xib; sourceTree = "<group>"; };
		AD27F5CD266558F800268AA2 /* UIView+Helper.swift */ = {isa = PBXFileReference; fileEncoding = 4; lastKnownFileType = sourcecode.swift; path = "UIView+Helper.swift"; sourceTree = "<group>"; };
		AD27F5D0266558F800268AA2 /* StackItemView.swift */ = {isa = PBXFileReference; fileEncoding = 4; lastKnownFileType = sourcecode.swift; path = StackItemView.swift; sourceTree = "<group>"; };
		AD27F5D92665596400268AA2 /* UIColor+Extensions.swift */ = {isa = PBXFileReference; lastKnownFileType = sourcecode.swift; path = "UIColor+Extensions.swift"; sourceTree = "<group>"; };
		AD27F5DE266559A500268AA2 /* NSObject+Extensions.swift */ = {isa = PBXFileReference; lastKnownFileType = sourcecode.swift; path = "NSObject+Extensions.swift"; sourceTree = "<group>"; };
		AD27F5EF2665623200268AA2 /* TabBarItem.swift */ = {isa = PBXFileReference; fileEncoding = 4; lastKnownFileType = sourcecode.swift; path = TabBarItem.swift; sourceTree = "<group>"; };
		AD3D18512663F1EB00F853CC /* eTurist.app */ = {isa = PBXFileReference; explicitFileType = wrapper.application; includeInIndex = 0; path = eTurist.app; sourceTree = BUILT_PRODUCTS_DIR; };
		AD3D18542663F1EB00F853CC /* AppDelegate.swift */ = {isa = PBXFileReference; lastKnownFileType = sourcecode.swift; path = AppDelegate.swift; sourceTree = "<group>"; };
		AD3D18562663F1EB00F853CC /* SceneDelegate.swift */ = {isa = PBXFileReference; lastKnownFileType = sourcecode.swift; path = SceneDelegate.swift; sourceTree = "<group>"; };
		AD3D185D2663F1EC00F853CC /* Assets.xcassets */ = {isa = PBXFileReference; lastKnownFileType = folder.assetcatalog; path = Assets.xcassets; sourceTree = "<group>"; };
		AD3D18602663F1EC00F853CC /* Base */ = {isa = PBXFileReference; lastKnownFileType = file.storyboard; name = Base; path = Base.lproj/LaunchScreen.storyboard; sourceTree = "<group>"; };
		AD3D18622663F1EC00F853CC /* Info.plist */ = {isa = PBXFileReference; lastKnownFileType = text.plist.xml; path = Info.plist; sourceTree = "<group>"; };
		AD3D18672663F1EC00F853CC /* eTuristTests.xctest */ = {isa = PBXFileReference; explicitFileType = wrapper.cfbundle; includeInIndex = 0; path = eTuristTests.xctest; sourceTree = BUILT_PRODUCTS_DIR; };
		AD3D186B2663F1EC00F853CC /* eTuristTests.swift */ = {isa = PBXFileReference; lastKnownFileType = sourcecode.swift; path = eTuristTests.swift; sourceTree = "<group>"; };
		AD3D186D2663F1EC00F853CC /* Info.plist */ = {isa = PBXFileReference; lastKnownFileType = text.plist.xml; path = Info.plist; sourceTree = "<group>"; };
		AD3D18722663F1EC00F853CC /* eTuristUITests.xctest */ = {isa = PBXFileReference; explicitFileType = wrapper.cfbundle; includeInIndex = 0; path = eTuristUITests.xctest; sourceTree = BUILT_PRODUCTS_DIR; };
		AD3D18762663F1EC00F853CC /* eTuristUITests.swift */ = {isa = PBXFileReference; lastKnownFileType = sourcecode.swift; path = eTuristUITests.swift; sourceTree = "<group>"; };
		AD3D18782663F1EC00F853CC /* Info.plist */ = {isa = PBXFileReference; lastKnownFileType = text.plist.xml; path = Info.plist; sourceTree = "<group>"; };
		AD3D18B32663F40B00F853CC /* Constants.swift */ = {isa = PBXFileReference; lastKnownFileType = sourcecode.swift; path = Constants.swift; sourceTree = "<group>"; };
		AD3D18B82663F7D700F853CC /* UIView+Extensions.swift */ = {isa = PBXFileReference; lastKnownFileType = sourcecode.swift; path = "UIView+Extensions.swift"; sourceTree = "<group>"; };
		AD3D18C72663FC0B00F853CC /* UIButton+Extensions.swift */ = {isa = PBXFileReference; lastKnownFileType = sourcecode.swift; path = "UIButton+Extensions.swift"; sourceTree = "<group>"; };
		AD3D18CC2663FC5400F853CC /* UITextField+Extensions.swift */ = {isa = PBXFileReference; lastKnownFileType = sourcecode.swift; path = "UITextField+Extensions.swift"; sourceTree = "<group>"; };
		AD3D18DD2663FDFD00F853CC /* Coordinator.swift */ = {isa = PBXFileReference; lastKnownFileType = sourcecode.swift; path = Coordinator.swift; sourceTree = "<group>"; };
		AD3D18E22663FE6200F853CC /* AppCoordinator.swift */ = {isa = PBXFileReference; lastKnownFileType = sourcecode.swift; path = AppCoordinator.swift; sourceTree = "<group>"; };
		AD3D18E72663FEBD00F853CC /* AppAssembly.swift */ = {isa = PBXFileReference; lastKnownFileType = sourcecode.swift; path = AppAssembly.swift; sourceTree = "<group>"; };
		AD3D18EC2663FEFF00F853CC /* Assembler+Extensions.swift */ = {isa = PBXFileReference; lastKnownFileType = sourcecode.swift; path = "Assembler+Extensions.swift"; sourceTree = "<group>"; };
		AD3D19032664008C00F853CC /* BaseView.swift */ = {isa = PBXFileReference; lastKnownFileType = sourcecode.swift; path = BaseView.swift; sourceTree = "<group>"; };
		AD3D1908266400FC00F853CC /* BaseViewController.swift */ = {isa = PBXFileReference; lastKnownFileType = sourcecode.swift; path = BaseViewController.swift; sourceTree = "<group>"; };
		AD3D190D2664014100F853CC /* BaseViewModel.swift */ = {isa = PBXFileReference; lastKnownFileType = sourcecode.swift; path = BaseViewModel.swift; sourceTree = "<group>"; };
		AD3D19122664019800F853CC /* Repository.swift */ = {isa = PBXFileReference; lastKnownFileType = sourcecode.swift; path = Repository.swift; sourceTree = "<group>"; };
		AD3D1917266401C100F853CC /* MainRepository.swift */ = {isa = PBXFileReference; lastKnownFileType = sourcecode.swift; path = MainRepository.swift; sourceTree = "<group>"; };
		AD3D191E266403B100F853CC /* HomeViewModel.swift */ = {isa = PBXFileReference; lastKnownFileType = sourcecode.swift; path = HomeViewModel.swift; sourceTree = "<group>"; };
		AD3D1923266403E800F853CC /* HomeViewController.swift */ = {isa = PBXFileReference; lastKnownFileType = sourcecode.swift; path = HomeViewController.swift; sourceTree = "<group>"; };
		AD3D192D2664053A00F853CC /* NetworkService.swift */ = {isa = PBXFileReference; lastKnownFileType = sourcecode.swift; path = NetworkService.swift; sourceTree = "<group>"; };
		AD7B740E2665709E0062F86B /* HomeViewController+Extensions.swift */ = {isa = PBXFileReference; lastKnownFileType = sourcecode.swift; path = "HomeViewController+Extensions.swift"; sourceTree = "<group>"; };
		AD7B742726665BB70062F86B /* LoginViewCotroller.swift */ = {isa = PBXFileReference; lastKnownFileType = sourcecode.swift; path = LoginViewCotroller.swift; sourceTree = "<group>"; };
		AD7B742C26665BE40062F86B /* LoginViewModel.swift */ = {isa = PBXFileReference; lastKnownFileType = sourcecode.swift; path = LoginViewModel.swift; sourceTree = "<group>"; };
		AD7B743226665C2C0062F86B /* LoginView.swift */ = {isa = PBXFileReference; lastKnownFileType = sourcecode.swift; path = LoginView.swift; sourceTree = "<group>"; };
		AD7B743726665EC30062F86B /* TextField.swift */ = {isa = PBXFileReference; lastKnownFileType = sourcecode.swift; path = TextField.swift; sourceTree = "<group>"; };
		AD7B7440266664AB0062F86B /* User.swift */ = {isa = PBXFileReference; lastKnownFileType = sourcecode.swift; path = User.swift; sourceTree = "<group>"; };
		AD7B74482666659D0062F86B /* UserSingleton.swift */ = {isa = PBXFileReference; lastKnownFileType = sourcecode.swift; path = UserSingleton.swift; sourceTree = "<group>"; };
		AD7B744D26667BC00062F86B /* ButtonGradient.swift */ = {isa = PBXFileReference; lastKnownFileType = sourcecode.swift; path = ButtonGradient.swift; sourceTree = "<group>"; };
		AD7B7453266689C60062F86B /* LoginRequestModel.swift */ = {isa = PBXFileReference; lastKnownFileType = sourcecode.swift; path = LoginRequestModel.swift; sourceTree = "<group>"; };
		AD7B745826668AA20062F86B /* NetworkResponse.swift */ = {isa = PBXFileReference; lastKnownFileType = sourcecode.swift; path = NetworkResponse.swift; sourceTree = "<group>"; };
		AD7B745D26668B310062F86B /* LoginResponse.swift */ = {isa = PBXFileReference; lastKnownFileType = sourcecode.swift; path = LoginResponse.swift; sourceTree = "<group>"; };
		AD7B74662666C8B10062F86B /* RegistrationViewController.swift */ = {isa = PBXFileReference; lastKnownFileType = sourcecode.swift; path = RegistrationViewController.swift; sourceTree = "<group>"; };
		AD7B746B2666C8DC0062F86B /* RegistrationViewModel.swift */ = {isa = PBXFileReference; lastKnownFileType = sourcecode.swift; path = RegistrationViewModel.swift; sourceTree = "<group>"; };
		AD7B74722666C9060062F86B /* RegistrationView.swift */ = {isa = PBXFileReference; lastKnownFileType = sourcecode.swift; path = RegistrationView.swift; sourceTree = "<group>"; };
		AD7B747B2667C9070062F86B /* CodeValidationViewController.swift */ = {isa = PBXFileReference; lastKnownFileType = sourcecode.swift; path = CodeValidationViewController.swift; sourceTree = "<group>"; };
		AD7B74832667C9320062F86B /* CodeValidationViewModel.swift */ = {isa = PBXFileReference; lastKnownFileType = sourcecode.swift; path = CodeValidationViewModel.swift; sourceTree = "<group>"; };
		AD7B74892667C9590062F86B /* CodeValidationView.swift */ = {isa = PBXFileReference; lastKnownFileType = sourcecode.swift; path = CodeValidationView.swift; sourceTree = "<group>"; };
		AD7B749226691D060062F86B /* PinView.swift */ = {isa = PBXFileReference; lastKnownFileType = sourcecode.swift; path = PinView.swift; sourceTree = "<group>"; };
		AD7B749A26691D430062F86B /* PinTextField.swift */ = {isa = PBXFileReference; lastKnownFileType = sourcecode.swift; path = PinTextField.swift; sourceTree = "<group>"; };
		AD7B749F26691F310062F86B /* String+Extensions.swift */ = {isa = PBXFileReference; lastKnownFileType = sourcecode.swift; path = "String+Extensions.swift"; sourceTree = "<group>"; };
		AD7B74A426695EA70062F86B /* NSMutableData+Extensions.swift */ = {isa = PBXFileReference; lastKnownFileType = sourcecode.swift; path = "NSMutableData+Extensions.swift"; sourceTree = "<group>"; };
		AD7B74A9266968770062F86B /* EmptyNetworkResponse.swift */ = {isa = PBXFileReference; lastKnownFileType = sourcecode.swift; path = EmptyNetworkResponse.swift; sourceTree = "<group>"; };
		AD7B74AE26696CCB0062F86B /* ValidateCodeRequestModel.swift */ = {isa = PBXFileReference; lastKnownFileType = sourcecode.swift; path = ValidateCodeRequestModel.swift; sourceTree = "<group>"; };
		AD7B74B3266A7BB90062F86B /* UnderlinedLabel.swift */ = {isa = PBXFileReference; lastKnownFileType = sourcecode.swift; path = UnderlinedLabel.swift; sourceTree = "<group>"; };
		AD7B74B8266A900F0062F86B /* ImagePickerController.swift */ = {isa = PBXFileReference; lastKnownFileType = sourcecode.swift; path = ImagePickerController.swift; sourceTree = "<group>"; };
		AD7B74C9266AF1FA0062F86B /* ChangePasswordViewController.swift */ = {isa = PBXFileReference; lastKnownFileType = sourcecode.swift; path = ChangePasswordViewController.swift; sourceTree = "<group>"; };
		AD7B74D8266AF22B0062F86B /* ChangePasswordViewModel.swift */ = {isa = PBXFileReference; lastKnownFileType = sourcecode.swift; path = ChangePasswordViewModel.swift; sourceTree = "<group>"; };
		AD7B74DE266AF24E0062F86B /* ChangePasswordView.swift */ = {isa = PBXFileReference; lastKnownFileType = sourcecode.swift; path = ChangePasswordView.swift; sourceTree = "<group>"; };
		AD7B74EA266BCD430062F86B /* ChangePasswordRequestModel.swift */ = {isa = PBXFileReference; lastKnownFileType = sourcecode.swift; path = ChangePasswordRequestModel.swift; sourceTree = "<group>"; };
		AD7B74EF266BD1330062F86B /* MainRepository+User.swift */ = {isa = PBXFileReference; lastKnownFileType = sourcecode.swift; path = "MainRepository+User.swift"; sourceTree = "<group>"; };
		AD7B74F4266BDB510062F86B /* UserResponseModel.swift */ = {isa = PBXFileReference; lastKnownFileType = sourcecode.swift; path = UserResponseModel.swift; sourceTree = "<group>"; };
		AD7B74FA266C0B900062F86B /* MapViewController.swift */ = {isa = PBXFileReference; lastKnownFileType = sourcecode.swift; path = MapViewController.swift; sourceTree = "<group>"; };
		AD7B7502266C0BB40062F86B /* MapViewModel.swift */ = {isa = PBXFileReference; lastKnownFileType = sourcecode.swift; path = MapViewModel.swift; sourceTree = "<group>"; };
		AD7B7508266C0BD50062F86B /* MapView.swift */ = {isa = PBXFileReference; lastKnownFileType = sourcecode.swift; path = MapView.swift; sourceTree = "<group>"; };
		AD7B7510266C236B0062F86B /* LocationViewController.swift */ = {isa = PBXFileReference; lastKnownFileType = sourcecode.swift; path = LocationViewController.swift; sourceTree = "<group>"; };
		AD7B751A266CF8770062F86B /* RoutesResponseModel.swift */ = {isa = PBXFileReference; lastKnownFileType = sourcecode.swift; path = RoutesResponseModel.swift; sourceTree = "<group>"; };
		AD7B751F266CF8A20062F86B /* City.swift */ = {isa = PBXFileReference; lastKnownFileType = sourcecode.swift; path = City.swift; sourceTree = "<group>"; };
		AD7B7524266CF9320062F86B /* Route.swift */ = {isa = PBXFileReference; lastKnownFileType = sourcecode.swift; path = Route.swift; sourceTree = "<group>"; };
		AD7B7529266CF9AD0062F86B /* Destination.swift */ = {isa = PBXFileReference; lastKnownFileType = sourcecode.swift; path = Destination.swift; sourceTree = "<group>"; };
		AD7B752E266CFA520062F86B /* Point.swift */ = {isa = PBXFileReference; lastKnownFileType = sourcecode.swift; path = Point.swift; sourceTree = "<group>"; };
		AD7B7533266CFAA90062F86B /* MainRepository+Routes.swift */ = {isa = PBXFileReference; lastKnownFileType = sourcecode.swift; path = "MainRepository+Routes.swift"; sourceTree = "<group>"; };
		AD7B753B266D04830062F86B /* RoutesTableViewCell.swift */ = {isa = PBXFileReference; lastKnownFileType = sourcecode.swift; path = RoutesTableViewCell.swift; sourceTree = "<group>"; };
		AD7B7540266D461C0062F86B /* SearchBar.swift */ = {isa = PBXFileReference; lastKnownFileType = sourcecode.swift; path = SearchBar.swift; sourceTree = "<group>"; };
		AD7B7545266D62760062F86B /* VisitedDestinationsResponseModel.swift */ = {isa = PBXFileReference; lastKnownFileType = sourcecode.swift; path = VisitedDestinationsResponseModel.swift; sourceTree = "<group>"; };
		AD7B754A266D62C60062F86B /* MainRepository+Destinations.swift */ = {isa = PBXFileReference; lastKnownFileType = sourcecode.swift; path = "MainRepository+Destinations.swift"; sourceTree = "<group>"; };
		AD7B75A6266D6E390062F86B /* DestinationCollectionsViewCell.swift */ = {isa = PBXFileReference; lastKnownFileType = sourcecode.swift; path = DestinationCollectionsViewCell.swift; sourceTree = "<group>"; };
		AD7B75AD266E72FC0062F86B /* CityPickerViewController.swift */ = {isa = PBXFileReference; lastKnownFileType = sourcecode.swift; path = CityPickerViewController.swift; sourceTree = "<group>"; };
		AD7B75B2266E73260062F86B /* CityPickerViewModel.swift */ = {isa = PBXFileReference; lastKnownFileType = sourcecode.swift; path = CityPickerViewModel.swift; sourceTree = "<group>"; };
		AD7B75B7266E735A0062F86B /* CityPickerView.swift */ = {isa = PBXFileReference; lastKnownFileType = sourcecode.swift; path = CityPickerView.swift; sourceTree = "<group>"; };
		AD7B75BF266E74230062F86B /* ChangePasswordDialogDelegate.swift */ = {isa = PBXFileReference; lastKnownFileType = sourcecode.swift; path = ChangePasswordDialogDelegate.swift; sourceTree = "<group>"; };
		AD7B75C4266E74510062F86B /* CityPickerDialogDelegate.swift */ = {isa = PBXFileReference; lastKnownFileType = sourcecode.swift; path = CityPickerDialogDelegate.swift; sourceTree = "<group>"; };
		AD7B75CC266E7C940062F86B /* CititesResponseModel.swift */ = {isa = PBXFileReference; lastKnownFileType = sourcecode.swift; path = CititesResponseModel.swift; sourceTree = "<group>"; };
		AD7B75D1266E7F240062F86B /* CityPickerTableViewCell.swift */ = {isa = PBXFileReference; lastKnownFileType = sourcecode.swift; path = CityPickerTableViewCell.swift; sourceTree = "<group>"; };
		AD7B75D6266E82140062F86B /* RadioButton.swift */ = {isa = PBXFileReference; lastKnownFileType = sourcecode.swift; path = RadioButton.swift; sourceTree = "<group>"; };
		AD7B75DB266FF9C20062F86B /* ProgressBar.swift */ = {isa = PBXFileReference; lastKnownFileType = sourcecode.swift; path = ProgressBar.swift; sourceTree = "<group>"; };
		AD7B75E026700BA40062F86B /* RatingView.swift */ = {isa = PBXFileReference; lastKnownFileType = sourcecode.swift; path = RatingView.swift; sourceTree = "<group>"; };
		AD7B75F1267014F10062F86B /* rewardbadge.json */ = {isa = PBXFileReference; fileEncoding = 4; lastKnownFileType = text.json; path = rewardbadge.json; sourceTree = "<group>"; };
		AD89140F26650F4000B960FD /* RoutesViewController.swift */ = {isa = PBXFileReference; lastKnownFileType = sourcecode.swift; path = RoutesViewController.swift; sourceTree = "<group>"; };
		AD89141426650F8600B960FD /* RoutesViewModel.swift */ = {isa = PBXFileReference; lastKnownFileType = sourcecode.swift; path = RoutesViewModel.swift; sourceTree = "<group>"; };
		AD89141A26650FA900B960FD /* RoutesView.swift */ = {isa = PBXFileReference; lastKnownFileType = sourcecode.swift; path = RoutesView.swift; sourceTree = "<group>"; };
		AD8914202665152800B960FD /* HistoryViewController.swift */ = {isa = PBXFileReference; lastKnownFileType = sourcecode.swift; path = HistoryViewController.swift; sourceTree = "<group>"; };
		AD8914252665154C00B960FD /* HistoryViewModel.swift */ = {isa = PBXFileReference; lastKnownFileType = sourcecode.swift; path = HistoryViewModel.swift; sourceTree = "<group>"; };
		AD89142B2665157300B960FD /* HistoryView.swift */ = {isa = PBXFileReference; lastKnownFileType = sourcecode.swift; path = HistoryView.swift; sourceTree = "<group>"; };
		AD891431266515DD00B960FD /* ProfileViewController.swift */ = {isa = PBXFileReference; lastKnownFileType = sourcecode.swift; path = ProfileViewController.swift; sourceTree = "<group>"; };
		AD8914362665160100B960FD /* ProfileViewModel.swift */ = {isa = PBXFileReference; lastKnownFileType = sourcecode.swift; path = ProfileViewModel.swift; sourceTree = "<group>"; };
		AD89143C2665162000B960FD /* ProfileView.swift */ = {isa = PBXFileReference; lastKnownFileType = sourcecode.swift; path = ProfileView.swift; sourceTree = "<group>"; };
		AD9FED9626B087F300AA8634 /* AddDestinationToVisitedRequestModel.swift */ = {isa = PBXFileReference; lastKnownFileType = sourcecode.swift; path = AddDestinationToVisitedRequestModel.swift; sourceTree = "<group>"; };
		AD9FED9B26BDEA2C00AA8634 /* successAnimation.json */ = {isa = PBXFileReference; fileEncoding = 4; lastKnownFileType = text.json; path = successAnimation.json; sourceTree = "<group>"; };
		AD9FEDA126BEFA1600AA8634 /* DestinationDetailsViewController.swift */ = {isa = PBXFileReference; lastKnownFileType = sourcecode.swift; path = DestinationDetailsViewController.swift; sourceTree = "<group>"; };
		AD9FEDA626BEFA5500AA8634 /* DestinationDetailsViewModel.swift */ = {isa = PBXFileReference; lastKnownFileType = sourcecode.swift; path = DestinationDetailsViewModel.swift; sourceTree = "<group>"; };
		AD9FEDAC26BEFA9500AA8634 /* DestinationDetailsView.swift */ = {isa = PBXFileReference; lastKnownFileType = sourcecode.swift; path = DestinationDetailsView.swift; sourceTree = "<group>"; };
		D64A30EC32407D02DB89C5D7 /* Pods_eTurist.framework */ = {isa = PBXFileReference; explicitFileType = wrapper.framework; includeInIndex = 0; path = Pods_eTurist.framework; sourceTree = BUILT_PRODUCTS_DIR; };
		E80E4094506AA5CE3235B5BE /* Pods-eTurist.release.xcconfig */ = {isa = PBXFileReference; includeInIndex = 1; lastKnownFileType = text.xcconfig; name = "Pods-eTurist.release.xcconfig"; path = "Target Support Files/Pods-eTurist/Pods-eTurist.release.xcconfig"; sourceTree = "<group>"; };
/* End PBXFileReference section */

/* Begin PBXFrameworksBuildPhase section */
		AD3D184E2663F1EB00F853CC /* Frameworks */ = {
			isa = PBXFrameworksBuildPhase;
			buildActionMask = 2147483647;
			files = (
				7FBA12718D71341FCB30B847 /* Pods_eTurist.framework in Frameworks */,
			);
			runOnlyForDeploymentPostprocessing = 0;
		};
		AD3D18642663F1EC00F853CC /* Frameworks */ = {
			isa = PBXFrameworksBuildPhase;
			buildActionMask = 2147483647;
			files = (
			);
			runOnlyForDeploymentPostprocessing = 0;
		};
		AD3D186F2663F1EC00F853CC /* Frameworks */ = {
			isa = PBXFrameworksBuildPhase;
			buildActionMask = 2147483647;
			files = (
			);
			runOnlyForDeploymentPostprocessing = 0;
		};
/* End PBXFrameworksBuildPhase section */

/* Begin PBXGroup section */
		0F0D6EA1C33D2F4F898BCAC6 /* Pods */ = {
			isa = PBXGroup;
			children = (
				703F936134A68E31F54B1586 /* Pods-eTurist.debug.xcconfig */,
				E80E4094506AA5CE3235B5BE /* Pods-eTurist.release.xcconfig */,
			);
			path = Pods;
			sourceTree = "<group>";
		};
		88F17B6B661E6CE482F694DC /* Frameworks */ = {
			isa = PBXGroup;
			children = (
				D64A30EC32407D02DB89C5D7 /* Pods_eTurist.framework */,
			);
			name = Frameworks;
			sourceTree = "<group>";
		};
		AD27F5CB266558B900268AA2 /* BottomTaskBar */ = {
			isa = PBXGroup;
			children = (
				AD27F5EF2665623200268AA2 /* TabBarItem.swift */,
				AD27F5D0266558F800268AA2 /* StackItemView.swift */,
				AD27F5CC266558F800268AA2 /* StackItemView.xib */,
				AD27F5CD266558F800268AA2 /* UIView+Helper.swift */,
			);
			path = BottomTaskBar;
			sourceTree = "<group>";
		};
		AD3D18482663F1EB00F853CC = {
			isa = PBXGroup;
			children = (
				AD3D18532663F1EB00F853CC /* eTurist */,
				AD3D186A2663F1EC00F853CC /* eTuristTests */,
				AD3D18752663F1EC00F853CC /* eTuristUITests */,
				AD3D18522663F1EB00F853CC /* Products */,
				0F0D6EA1C33D2F4F898BCAC6 /* Pods */,
				88F17B6B661E6CE482F694DC /* Frameworks */,
			);
			sourceTree = "<group>";
		};
		AD3D18522663F1EB00F853CC /* Products */ = {
			isa = PBXGroup;
			children = (
				AD3D18512663F1EB00F853CC /* eTurist.app */,
				AD3D18672663F1EC00F853CC /* eTuristTests.xctest */,
				AD3D18722663F1EC00F853CC /* eTuristUITests.xctest */,
			);
			name = Products;
			sourceTree = "<group>";
		};
		AD3D18532663F1EB00F853CC /* eTurist */ = {
			isa = PBXGroup;
			children = (
				AD3D18AE2663F3AD00F853CC /* MainFlow */,
				AD3D18AD2663F3A400F853CC /* Common */,
				AD3D18A92663F33900F853CC /* Data */,
				AD3D18A52663F22A00F853CC /* SupportingFiles */,
				AD3D18622663F1EC00F853CC /* Info.plist */,
			);
			path = eTurist;
			sourceTree = "<group>";
		};
		AD3D186A2663F1EC00F853CC /* eTuristTests */ = {
			isa = PBXGroup;
			children = (
				AD3D186B2663F1EC00F853CC /* eTuristTests.swift */,
				AD3D186D2663F1EC00F853CC /* Info.plist */,
			);
			path = eTuristTests;
			sourceTree = "<group>";
		};
		AD3D18752663F1EC00F853CC /* eTuristUITests */ = {
			isa = PBXGroup;
			children = (
				AD3D18762663F1EC00F853CC /* eTuristUITests.swift */,
				AD3D18782663F1EC00F853CC /* Info.plist */,
			);
			path = eTuristUITests;
			sourceTree = "<group>";
		};
		AD3D18A52663F22A00F853CC /* SupportingFiles */ = {
			isa = PBXGroup;
			children = (
				AD3D185F2663F1EC00F853CC /* LaunchScreen.storyboard */,
				AD3D185D2663F1EC00F853CC /* Assets.xcassets */,
				AD3D18562663F1EB00F853CC /* SceneDelegate.swift */,
				AD3D18542663F1EB00F853CC /* AppDelegate.swift */,
			);
			path = SupportingFiles;
			sourceTree = "<group>";
		};
		AD3D18A92663F33900F853CC /* Data */ = {
			isa = PBXGroup;
			children = (
				AD3D18AA2663F36600F853CC /* Repository */,
				AD3D18AB2663F37500F853CC /* Networking */,
				AD3D18AC2663F38300F853CC /* Model */,
			);
			path = Data;
			sourceTree = "<group>";
		};
		AD3D18AA2663F36600F853CC /* Repository */ = {
			isa = PBXGroup;
			children = (
				AD3D19122664019800F853CC /* Repository.swift */,
				AD3D1917266401C100F853CC /* MainRepository.swift */,
				AD7B74EF266BD1330062F86B /* MainRepository+User.swift */,
				AD7B7533266CFAA90062F86B /* MainRepository+Routes.swift */,
				AD7B754A266D62C60062F86B /* MainRepository+Destinations.swift */,
			);
			path = Repository;
			sourceTree = "<group>";
		};
		AD3D18AB2663F37500F853CC /* Networking */ = {
			isa = PBXGroup;
			children = (
				AD7B7452266689AB0062F86B /* NetworkRequestModel */,
				AD3D19322664127500F853CC /* NetworkResponseModel */,
				AD3D192D2664053A00F853CC /* NetworkService.swift */,
				AD7B745826668AA20062F86B /* NetworkResponse.swift */,
				AD7B74A9266968770062F86B /* EmptyNetworkResponse.swift */,
			);
			path = Networking;
			sourceTree = "<group>";
		};
		AD3D18AC2663F38300F853CC /* Model */ = {
			isa = PBXGroup;
			children = (
				AD7B7440266664AB0062F86B /* User.swift */,
				AD7B751F266CF8A20062F86B /* City.swift */,
				AD7B7524266CF9320062F86B /* Route.swift */,
				AD7B7529266CF9AD0062F86B /* Destination.swift */,
				AD7B752E266CFA520062F86B /* Point.swift */,
			);
			path = Model;
			sourceTree = "<group>";
		};
		AD3D18AD2663F3A400F853CC /* Common */ = {
			isa = PBXGroup;
			children = (
				AD3D18B22663F3F500F853CC /* Coordinator */,
				AD3D18B12663F3EB00F853CC /* Base */,
				AD3D18B02663F3E600F853CC /* View */,
				AD3D18AF2663F3E100F853CC /* Extensions */,
				AD7B743F266664660062F86B /* Utils */,
				AD3D18B32663F40B00F853CC /* Constants.swift */,
			);
			path = Common;
			sourceTree = "<group>";
		};
		AD3D18AE2663F3AD00F853CC /* MainFlow */ = {
			isa = PBXGroup;
			children = (
				AD3D191C2664039200F853CC /* Home */,
				AD89140E26650F0E00B960FD /* Routes */,
				AD89141F266514FA00B960FD /* History */,
				AD891430266515BF00B960FD /* Profile */,
				AD7B742626665B500062F86B /* Login */,
				AD7B74652666A0050062F86B /* Registration */,
				AD7B747A2667C8E00062F86B /* CodeValidation */,
				AD7B74F9266C0B720062F86B /* Map */,
				AD9FEDA026BEF9C800AA8634 /* DestinationDetails */,
			);
			path = MainFlow;
			sourceTree = "<group>";
		};
		AD3D18AF2663F3E100F853CC /* Extensions */ = {
			isa = PBXGroup;
			children = (
				AD3D18B82663F7D700F853CC /* UIView+Extensions.swift */,
				AD3D18C72663FC0B00F853CC /* UIButton+Extensions.swift */,
				AD3D18CC2663FC5400F853CC /* UITextField+Extensions.swift */,
				AD27F5D92665596400268AA2 /* UIColor+Extensions.swift */,
				AD27F5DE266559A500268AA2 /* NSObject+Extensions.swift */,
				AD7B749F26691F310062F86B /* String+Extensions.swift */,
				AD7B74A426695EA70062F86B /* NSMutableData+Extensions.swift */,
			);
			path = Extensions;
			sourceTree = "<group>";
		};
		AD3D18B02663F3E600F853CC /* View */ = {
			isa = PBXGroup;
			children = (
				AD7B75F0267014C00062F86B /* Animations */,
				AD7B74C7266AF1110062F86B /* Dialog */,
				AD7B749126691CAC0062F86B /* PinView */,
				AD7B743726665EC30062F86B /* TextField.swift */,
				AD7B744D26667BC00062F86B /* ButtonGradient.swift */,
				AD7B74B3266A7BB90062F86B /* UnderlinedLabel.swift */,
				AD7B7540266D461C0062F86B /* SearchBar.swift */,
				AD7B75D6266E82140062F86B /* RadioButton.swift */,
				AD7B75DB266FF9C20062F86B /* ProgressBar.swift */,
				AD7B75E026700BA40062F86B /* RatingView.swift */,
			);
			path = View;
			sourceTree = "<group>";
		};
		AD3D18B12663F3EB00F853CC /* Base */ = {
			isa = PBXGroup;
			children = (
				AD3D19032664008C00F853CC /* BaseView.swift */,
				AD3D1908266400FC00F853CC /* BaseViewController.swift */,
				AD3D190D2664014100F853CC /* BaseViewModel.swift */,
				AD7B74B8266A900F0062F86B /* ImagePickerController.swift */,
				AD7B7510266C236B0062F86B /* LocationViewController.swift */,
			);
			path = Base;
			sourceTree = "<group>";
		};
		AD3D18B22663F3F500F853CC /* Coordinator */ = {
			isa = PBXGroup;
			children = (
				AD3D18DD2663FDFD00F853CC /* Coordinator.swift */,
				AD3D18E22663FE6200F853CC /* AppCoordinator.swift */,
				AD3D18E72663FEBD00F853CC /* AppAssembly.swift */,
				AD3D18EC2663FEFF00F853CC /* Assembler+Extensions.swift */,
			);
			path = Coordinator;
			sourceTree = "<group>";
		};
		AD3D191C2664039200F853CC /* Home */ = {
			isa = PBXGroup;
			children = (
				AD3D1923266403E800F853CC /* HomeViewController.swift */,
				AD3D191E266403B100F853CC /* HomeViewModel.swift */,
				AD3D191D266403A100F853CC /* View */,
			);
			path = Home;
			sourceTree = "<group>";
		};
		AD3D191D266403A100F853CC /* View */ = {
			isa = PBXGroup;
			children = (
				AD27F5CB266558B900268AA2 /* BottomTaskBar */,
				AD7B740E2665709E0062F86B /* HomeViewController+Extensions.swift */,
			);
			path = View;
			sourceTree = "<group>";
		};
		AD3D19322664127500F853CC /* NetworkResponseModel */ = {
			isa = PBXGroup;
			children = (
				AD7B745D26668B310062F86B /* LoginResponse.swift */,
				AD7B74F4266BDB510062F86B /* UserResponseModel.swift */,
				AD7B751A266CF8770062F86B /* RoutesResponseModel.swift */,
				AD7B7545266D62760062F86B /* VisitedDestinationsResponseModel.swift */,
				AD7B75CC266E7C940062F86B /* CititesResponseModel.swift */,
			);
			path = NetworkResponseModel;
			sourceTree = "<group>";
		};
		AD7B742626665B500062F86B /* Login */ = {
			isa = PBXGroup;
			children = (
				AD7B742726665BB70062F86B /* LoginViewCotroller.swift */,
				AD7B742C26665BE40062F86B /* LoginViewModel.swift */,
				AD7B743126665C130062F86B /* View */,
			);
			path = Login;
			sourceTree = "<group>";
		};
		AD7B743126665C130062F86B /* View */ = {
			isa = PBXGroup;
			children = (
				AD7B743226665C2C0062F86B /* LoginView.swift */,
			);
			path = View;
			sourceTree = "<group>";
		};
		AD7B743F266664660062F86B /* Utils */ = {
			isa = PBXGroup;
			children = (
				AD7B74482666659D0062F86B /* UserSingleton.swift */,
			);
			path = Utils;
			sourceTree = "<group>";
		};
		AD7B7452266689AB0062F86B /* NetworkRequestModel */ = {
			isa = PBXGroup;
			children = (
				AD7B7453266689C60062F86B /* LoginRequestModel.swift */,
				AD7B74AE26696CCB0062F86B /* ValidateCodeRequestModel.swift */,
				AD7B74EA266BCD430062F86B /* ChangePasswordRequestModel.swift */,
				AD9FED9626B087F300AA8634 /* AddDestinationToVisitedRequestModel.swift */,
			);
			path = NetworkRequestModel;
			sourceTree = "<group>";
		};
		AD7B74652666A0050062F86B /* Registration */ = {
			isa = PBXGroup;
			children = (
				AD7B74662666C8B10062F86B /* RegistrationViewController.swift */,
				AD7B746B2666C8DC0062F86B /* RegistrationViewModel.swift */,
				AD7B74702666C8EC0062F86B /* View */,
			);
			path = Registration;
			sourceTree = "<group>";
		};
		AD7B74702666C8EC0062F86B /* View */ = {
			isa = PBXGroup;
			children = (
				AD7B74722666C9060062F86B /* RegistrationView.swift */,
			);
			path = View;
			sourceTree = "<group>";
		};
		AD7B747A2667C8E00062F86B /* CodeValidation */ = {
			isa = PBXGroup;
			children = (
				AD7B747B2667C9070062F86B /* CodeValidationViewController.swift */,
				AD7B74832667C9320062F86B /* CodeValidationViewModel.swift */,
				AD7B74882667C9400062F86B /* View */,
			);
			path = CodeValidation;
			sourceTree = "<group>";
		};
		AD7B74882667C9400062F86B /* View */ = {
			isa = PBXGroup;
			children = (
				AD7B74892667C9590062F86B /* CodeValidationView.swift */,
			);
			path = View;
			sourceTree = "<group>";
		};
		AD7B749126691CAC0062F86B /* PinView */ = {
			isa = PBXGroup;
			children = (
				AD7B749226691D060062F86B /* PinView.swift */,
				AD7B749A26691D430062F86B /* PinTextField.swift */,
			);
			path = PinView;
			sourceTree = "<group>";
		};
		AD7B74C7266AF1110062F86B /* Dialog */ = {
			isa = PBXGroup;
			children = (
				AD7B75AB266E72D20062F86B /* CityPicker */,
				AD7B74C8266AF1190062F86B /* ChangePassword */,
			);
			path = Dialog;
			sourceTree = "<group>";
		};
		AD7B74C8266AF1190062F86B /* ChangePassword */ = {
			isa = PBXGroup;
			children = (
				AD7B74C9266AF1FA0062F86B /* ChangePasswordViewController.swift */,
				AD7B74D8266AF22B0062F86B /* ChangePasswordViewModel.swift */,
				AD7B75BF266E74230062F86B /* ChangePasswordDialogDelegate.swift */,
				AD7B74DD266AF23B0062F86B /* View */,
			);
			path = ChangePassword;
			sourceTree = "<group>";
		};
		AD7B74DD266AF23B0062F86B /* View */ = {
			isa = PBXGroup;
			children = (
				AD7B74DE266AF24E0062F86B /* ChangePasswordView.swift */,
			);
			path = View;
			sourceTree = "<group>";
		};
		AD7B74F9266C0B720062F86B /* Map */ = {
			isa = PBXGroup;
			children = (
				AD7B74FA266C0B900062F86B /* MapViewController.swift */,
				AD7B7502266C0BB40062F86B /* MapViewModel.swift */,
				AD7B7507266C0BC60062F86B /* View */,
			);
			path = Map;
			sourceTree = "<group>";
		};
		AD7B7507266C0BC60062F86B /* View */ = {
			isa = PBXGroup;
			children = (
				AD7B7508266C0BD50062F86B /* MapView.swift */,
			);
			path = View;
			sourceTree = "<group>";
		};
		AD7B75AB266E72D20062F86B /* CityPicker */ = {
			isa = PBXGroup;
			children = (
				AD7B75AD266E72FC0062F86B /* CityPickerViewController.swift */,
				AD7B75B2266E73260062F86B /* CityPickerViewModel.swift */,
				AD7B75C4266E74510062F86B /* CityPickerDialogDelegate.swift */,
				AD7B75AC266E72E80062F86B /* View */,
			);
			path = CityPicker;
			sourceTree = "<group>";
		};
		AD7B75AC266E72E80062F86B /* View */ = {
			isa = PBXGroup;
			children = (
				AD7B75B7266E735A0062F86B /* CityPickerView.swift */,
				AD7B75D1266E7F240062F86B /* CityPickerTableViewCell.swift */,
			);
			path = View;
			sourceTree = "<group>";
		};
		AD7B75F0267014C00062F86B /* Animations */ = {
			isa = PBXGroup;
			children = (
				AD9FED9B26BDEA2C00AA8634 /* successAnimation.json */,
				AD7B75F1267014F10062F86B /* rewardbadge.json */,
			);
			path = Animations;
			sourceTree = "<group>";
		};
		AD89140E26650F0E00B960FD /* Routes */ = {
			isa = PBXGroup;
			children = (
				AD89140F26650F4000B960FD /* RoutesViewController.swift */,
				AD89141426650F8600B960FD /* RoutesViewModel.swift */,
				AD89141926650F9600B960FD /* View */,
			);
			path = Routes;
			sourceTree = "<group>";
		};
		AD89141926650F9600B960FD /* View */ = {
			isa = PBXGroup;
			children = (
				AD89141A26650FA900B960FD /* RoutesView.swift */,
				AD7B753B266D04830062F86B /* RoutesTableViewCell.swift */,
			);
			path = View;
			sourceTree = "<group>";
		};
		AD89141F266514FA00B960FD /* History */ = {
			isa = PBXGroup;
			children = (
				AD8914202665152800B960FD /* HistoryViewController.swift */,
				AD8914252665154C00B960FD /* HistoryViewModel.swift */,
				AD89142A2665155C00B960FD /* View */,
			);
			path = History;
			sourceTree = "<group>";
		};
		AD89142A2665155C00B960FD /* View */ = {
			isa = PBXGroup;
			children = (
				AD89142B2665157300B960FD /* HistoryView.swift */,
				AD7B75A6266D6E390062F86B /* DestinationCollectionsViewCell.swift */,
			);
			path = View;
			sourceTree = "<group>";
		};
		AD891430266515BF00B960FD /* Profile */ = {
			isa = PBXGroup;
			children = (
				AD891431266515DD00B960FD /* ProfileViewController.swift */,
				AD8914362665160100B960FD /* ProfileViewModel.swift */,
				AD89143B2665160D00B960FD /* View */,
			);
			path = Profile;
			sourceTree = "<group>";
		};
		AD89143B2665160D00B960FD /* View */ = {
			isa = PBXGroup;
			children = (
				AD89143C2665162000B960FD /* ProfileView.swift */,
			);
			path = View;
			sourceTree = "<group>";
		};
		AD9FEDA026BEF9C800AA8634 /* DestinationDetails */ = {
			isa = PBXGroup;
			children = (
				AD9FEDA126BEFA1600AA8634 /* DestinationDetailsViewController.swift */,
				AD9FEDA626BEFA5500AA8634 /* DestinationDetailsViewModel.swift */,
				AD9FEDAB26BEFA6C00AA8634 /* View */,
			);
			path = DestinationDetails;
			sourceTree = "<group>";
		};
		AD9FEDAB26BEFA6C00AA8634 /* View */ = {
			isa = PBXGroup;
			children = (
				AD9FEDAC26BEFA9500AA8634 /* DestinationDetailsView.swift */,
			);
			path = View;
			sourceTree = "<group>";
		};
/* End PBXGroup section */

/* Begin PBXNativeTarget section */
		AD3D18502663F1EB00F853CC /* eTurist */ = {
			isa = PBXNativeTarget;
			buildConfigurationList = AD3D187B2663F1EC00F853CC /* Build configuration list for PBXNativeTarget "eTurist" */;
			buildPhases = (
				36C950BB0C8459CE6BEF98C8 /* [CP] Check Pods Manifest.lock */,
				AD3D184D2663F1EB00F853CC /* Sources */,
				AD3D184E2663F1EB00F853CC /* Frameworks */,
				AD3D184F2663F1EB00F853CC /* Resources */,
				C5FD1C16ADC8ED1BCAF3C86B /* [CP] Embed Pods Frameworks */,
			);
			buildRules = (
			);
			dependencies = (
			);
			name = eTurist;
			productName = eTurist;
			productReference = AD3D18512663F1EB00F853CC /* eTurist.app */;
			productType = "com.apple.product-type.application";
		};
		AD3D18662663F1EC00F853CC /* eTuristTests */ = {
			isa = PBXNativeTarget;
			buildConfigurationList = AD3D187E2663F1EC00F853CC /* Build configuration list for PBXNativeTarget "eTuristTests" */;
			buildPhases = (
				AD3D18632663F1EC00F853CC /* Sources */,
				AD3D18642663F1EC00F853CC /* Frameworks */,
				AD3D18652663F1EC00F853CC /* Resources */,
			);
			buildRules = (
			);
			dependencies = (
				AD3D18692663F1EC00F853CC /* PBXTargetDependency */,
			);
			name = eTuristTests;
			productName = eTuristTests;
			productReference = AD3D18672663F1EC00F853CC /* eTuristTests.xctest */;
			productType = "com.apple.product-type.bundle.unit-test";
		};
		AD3D18712663F1EC00F853CC /* eTuristUITests */ = {
			isa = PBXNativeTarget;
			buildConfigurationList = AD3D18812663F1EC00F853CC /* Build configuration list for PBXNativeTarget "eTuristUITests" */;
			buildPhases = (
				AD3D186E2663F1EC00F853CC /* Sources */,
				AD3D186F2663F1EC00F853CC /* Frameworks */,
				AD3D18702663F1EC00F853CC /* Resources */,
			);
			buildRules = (
			);
			dependencies = (
				AD3D18742663F1EC00F853CC /* PBXTargetDependency */,
			);
			name = eTuristUITests;
			productName = eTuristUITests;
			productReference = AD3D18722663F1EC00F853CC /* eTuristUITests.xctest */;
			productType = "com.apple.product-type.bundle.ui-testing";
		};
/* End PBXNativeTarget section */

/* Begin PBXProject section */
		AD3D18492663F1EB00F853CC /* Project object */ = {
			isa = PBXProject;
			attributes = {
				LastSwiftUpdateCheck = 1230;
				LastUpgradeCheck = 1230;
				TargetAttributes = {
					AD3D18502663F1EB00F853CC = {
						CreatedOnToolsVersion = 12.3;
					};
					AD3D18662663F1EC00F853CC = {
						CreatedOnToolsVersion = 12.3;
						TestTargetID = AD3D18502663F1EB00F853CC;
					};
					AD3D18712663F1EC00F853CC = {
						CreatedOnToolsVersion = 12.3;
						TestTargetID = AD3D18502663F1EB00F853CC;
					};
				};
			};
			buildConfigurationList = AD3D184C2663F1EB00F853CC /* Build configuration list for PBXProject "eTurist" */;
			compatibilityVersion = "Xcode 9.3";
			developmentRegion = en;
			hasScannedForEncodings = 0;
			knownRegions = (
				en,
				Base,
			);
			mainGroup = AD3D18482663F1EB00F853CC;
			productRefGroup = AD3D18522663F1EB00F853CC /* Products */;
			projectDirPath = "";
			projectRoot = "";
			targets = (
				AD3D18502663F1EB00F853CC /* eTurist */,
				AD3D18662663F1EC00F853CC /* eTuristTests */,
				AD3D18712663F1EC00F853CC /* eTuristUITests */,
			);
		};
/* End PBXProject section */

/* Begin PBXResourcesBuildPhase section */
		AD3D184F2663F1EB00F853CC /* Resources */ = {
			isa = PBXResourcesBuildPhase;
			buildActionMask = 2147483647;
			files = (
				AD7B75F2267014F10062F86B /* rewardbadge.json in Resources */,
				AD3D18612663F1EC00F853CC /* LaunchScreen.storyboard in Resources */,
				AD3D185E2663F1EC00F853CC /* Assets.xcassets in Resources */,
				AD9FED9C26BDEA2C00AA8634 /* successAnimation.json in Resources */,
				AD27F5D1266558F800268AA2 /* StackItemView.xib in Resources */,
			);
			runOnlyForDeploymentPostprocessing = 0;
		};
		AD3D18652663F1EC00F853CC /* Resources */ = {
			isa = PBXResourcesBuildPhase;
			buildActionMask = 2147483647;
			files = (
			);
			runOnlyForDeploymentPostprocessing = 0;
		};
		AD3D18702663F1EC00F853CC /* Resources */ = {
			isa = PBXResourcesBuildPhase;
			buildActionMask = 2147483647;
			files = (
			);
			runOnlyForDeploymentPostprocessing = 0;
		};
/* End PBXResourcesBuildPhase section */

/* Begin PBXShellScriptBuildPhase section */
		36C950BB0C8459CE6BEF98C8 /* [CP] Check Pods Manifest.lock */ = {
			isa = PBXShellScriptBuildPhase;
			buildActionMask = 2147483647;
			files = (
			);
			inputFileListPaths = (
			);
			inputPaths = (
				"${PODS_PODFILE_DIR_PATH}/Podfile.lock",
				"${PODS_ROOT}/Manifest.lock",
			);
			name = "[CP] Check Pods Manifest.lock";
			outputFileListPaths = (
			);
			outputPaths = (
				"$(DERIVED_FILE_DIR)/Pods-eTurist-checkManifestLockResult.txt",
			);
			runOnlyForDeploymentPostprocessing = 0;
			shellPath = /bin/sh;
			shellScript = "diff \"${PODS_PODFILE_DIR_PATH}/Podfile.lock\" \"${PODS_ROOT}/Manifest.lock\" > /dev/null\nif [ $? != 0 ] ; then\n    # print error to STDERR\n    echo \"error: The sandbox is not in sync with the Podfile.lock. Run 'pod install' or update your CocoaPods installation.\" >&2\n    exit 1\nfi\n# This output is used by Xcode 'outputs' to avoid re-running this script phase.\necho \"SUCCESS\" > \"${SCRIPT_OUTPUT_FILE_0}\"\n";
			showEnvVarsInLog = 0;
		};
		C5FD1C16ADC8ED1BCAF3C86B /* [CP] Embed Pods Frameworks */ = {
			isa = PBXShellScriptBuildPhase;
			buildActionMask = 2147483647;
			files = (
			);
			inputFileListPaths = (
				"${PODS_ROOT}/Target Support Files/Pods-eTurist/Pods-eTurist-frameworks-${CONFIGURATION}-input-files.xcfilelist",
			);
			name = "[CP] Embed Pods Frameworks";
			outputFileListPaths = (
				"${PODS_ROOT}/Target Support Files/Pods-eTurist/Pods-eTurist-frameworks-${CONFIGURATION}-output-files.xcfilelist",
			);
			runOnlyForDeploymentPostprocessing = 0;
			shellPath = /bin/sh;
			shellScript = "\"${PODS_ROOT}/Target Support Files/Pods-eTurist/Pods-eTurist-frameworks.sh\"\n";
			showEnvVarsInLog = 0;
		};
/* End PBXShellScriptBuildPhase section */

/* Begin PBXSourcesBuildPhase section */
		AD3D184D2663F1EB00F853CC /* Sources */ = {
			isa = PBXSourcesBuildPhase;
			buildActionMask = 2147483647;
			files = (
				AD3D18552663F1EB00F853CC /* AppDelegate.swift in Sources */,
				AD7B74AF26696CCB0062F86B /* ValidateCodeRequestModel.swift in Sources */,
				AD3D191F266403B100F853CC /* HomeViewModel.swift in Sources */,
				AD89142C2665157300B960FD /* HistoryView.swift in Sources */,
				AD27F5D5266558F800268AA2 /* StackItemView.swift in Sources */,
				AD3D1924266403E800F853CC /* HomeViewController.swift in Sources */,
				AD7B7520266CF8A20062F86B /* City.swift in Sources */,
				AD7B74F5266BDB510062F86B /* UserResponseModel.swift in Sources */,
				AD3D19042664008C00F853CC /* BaseView.swift in Sources */,
				AD7B74DF266AF24E0062F86B /* ChangePasswordView.swift in Sources */,
				AD7B751B266CF8770062F86B /* RoutesResponseModel.swift in Sources */,
				AD7B75E126700BA40062F86B /* RatingView.swift in Sources */,
				AD7B75AE266E72FC0062F86B /* CityPickerViewController.swift in Sources */,
				AD3D18572663F1EB00F853CC /* SceneDelegate.swift in Sources */,
				AD7B74492666659D0062F86B /* UserSingleton.swift in Sources */,
				AD7B75B8266E735A0062F86B /* CityPickerView.swift in Sources */,
				AD7B742D26665BE40062F86B /* LoginViewModel.swift in Sources */,
				AD7B752A266CF9AD0062F86B /* Destination.swift in Sources */,
				AD7B74B9266A900F0062F86B /* ImagePickerController.swift in Sources */,
				AD8914212665152800B960FD /* HistoryViewController.swift in Sources */,
				AD7B75D7266E82140062F86B /* RadioButton.swift in Sources */,
				AD7B74F0266BD1330062F86B /* MainRepository+User.swift in Sources */,
				AD7B7511266C236B0062F86B /* LocationViewController.swift in Sources */,
				AD7B74FB266C0B900062F86B /* MapViewController.swift in Sources */,
				AD7B746C2666C8DC0062F86B /* RegistrationViewModel.swift in Sources */,
				AD7B754B266D62C60062F86B /* MainRepository+Destinations.swift in Sources */,
				AD3D18E32663FE6200F853CC /* AppCoordinator.swift in Sources */,
				AD7B752F266CFA520062F86B /* Point.swift in Sources */,
				AD7B748A2667C9590062F86B /* CodeValidationView.swift in Sources */,
				AD7B743826665EC30062F86B /* TextField.swift in Sources */,
				AD3D18B92663F7D700F853CC /* UIView+Extensions.swift in Sources */,
				AD89141B26650FA900B960FD /* RoutesView.swift in Sources */,
				AD7B74672666C8B10062F86B /* RegistrationViewController.swift in Sources */,
				AD7B74D9266AF22B0062F86B /* ChangePasswordViewModel.swift in Sources */,
				AD7B743326665C2C0062F86B /* LoginView.swift in Sources */,
				AD7B7509266C0BD50062F86B /* MapView.swift in Sources */,
				AD3D1909266400FC00F853CC /* BaseViewController.swift in Sources */,
				AD7B7541266D461C0062F86B /* SearchBar.swift in Sources */,
				AD9FEDA226BEFA1600AA8634 /* DestinationDetailsViewController.swift in Sources */,
				AD8914372665160100B960FD /* ProfileViewModel.swift in Sources */,
				AD891432266515DD00B960FD /* ProfileViewController.swift in Sources */,
				AD7B74EB266BCD430062F86B /* ChangePasswordRequestModel.swift in Sources */,
				AD7B740F2665709E0062F86B /* HomeViewController+Extensions.swift in Sources */,
				AD7B749B26691D430062F86B /* PinTextField.swift in Sources */,
				AD27F5DF266559A500268AA2 /* NSObject+Extensions.swift in Sources */,
				AD27F5D2266558F800268AA2 /* UIView+Helper.swift in Sources */,
				AD27F5DA2665596400268AA2 /* UIColor+Extensions.swift in Sources */,
				AD3D18CD2663FC5400F853CC /* UITextField+Extensions.swift in Sources */,
				AD7B74732666C9060062F86B /* RegistrationView.swift in Sources */,
				AD7B75CD266E7C940062F86B /* CititesResponseModel.swift in Sources */,
				AD7B74842667C9320062F86B /* CodeValidationViewModel.swift in Sources */,
				AD3D1918266401C100F853CC /* MainRepository.swift in Sources */,
				AD7B7525266CF9320062F86B /* Route.swift in Sources */,
				AD3D18C82663FC0B00F853CC /* UIButton+Extensions.swift in Sources */,
				AD7B74A526695EA70062F86B /* NSMutableData+Extensions.swift in Sources */,
				AD7B749326691D060062F86B /* PinView.swift in Sources */,
				AD7B74B4266A7BB90062F86B /* UnderlinedLabel.swift in Sources */,
				AD7B744E26667BC00062F86B /* ButtonGradient.swift in Sources */,
				AD7B7454266689C60062F86B /* LoginRequestModel.swift in Sources */,
				AD9FED9726B087F300AA8634 /* AddDestinationToVisitedRequestModel.swift in Sources */,
				AD7B7534266CFAA90062F86B /* MainRepository+Routes.swift in Sources */,
				AD7B75B3266E73260062F86B /* CityPickerViewModel.swift in Sources */,
				AD9FEDAD26BEFA9500AA8634 /* DestinationDetailsView.swift in Sources */,
				AD3D18ED2663FEFF00F853CC /* Assembler+Extensions.swift in Sources */,
				AD7B7441266664AB0062F86B /* User.swift in Sources */,
				AD7B74AA266968770062F86B /* EmptyNetworkResponse.swift in Sources */,
				AD7B74CA266AF1FA0062F86B /* ChangePasswordViewController.swift in Sources */,
				AD3D18E82663FEBD00F853CC /* AppAssembly.swift in Sources */,
				AD3D192E2664053A00F853CC /* NetworkService.swift in Sources */,
				AD7B745926668AA20062F86B /* NetworkResponse.swift in Sources */,
				AD3D18B42663F40B00F853CC /* Constants.swift in Sources */,
				AD7B75C0266E74230062F86B /* ChangePasswordDialogDelegate.swift in Sources */,
				AD7B74A026691F310062F86B /* String+Extensions.swift in Sources */,
				AD7B75C5266E74510062F86B /* CityPickerDialogDelegate.swift in Sources */,
				AD7B753C266D04830062F86B /* RoutesTableViewCell.swift in Sources */,
				AD3D19132664019800F853CC /* Repository.swift in Sources */,
				AD89143D2665162000B960FD /* ProfileView.swift in Sources */,
				AD7B75DC266FF9C20062F86B /* ProgressBar.swift in Sources */,
				AD3D190E2664014100F853CC /* BaseViewModel.swift in Sources */,
				AD7B75A7266D6E390062F86B /* DestinationCollectionsViewCell.swift in Sources */,
				AD7B7503266C0BB40062F86B /* MapViewModel.swift in Sources */,
				AD89141526650F8600B960FD /* RoutesViewModel.swift in Sources */,
				AD89141026650F4000B960FD /* RoutesViewController.swift in Sources */,
				AD27F5F02665623200268AA2 /* TabBarItem.swift in Sources */,
				AD7B75D2266E7F240062F86B /* CityPickerTableViewCell.swift in Sources */,
				AD7B7546266D62760062F86B /* VisitedDestinationsResponseModel.swift in Sources */,
				AD7B742826665BB70062F86B /* LoginViewCotroller.swift in Sources */,
				AD9FEDA726BEFA5500AA8634 /* DestinationDetailsViewModel.swift in Sources */,
				AD3D18DE2663FDFD00F853CC /* Coordinator.swift in Sources */,
				AD7B745E26668B310062F86B /* LoginResponse.swift in Sources */,
				AD7B747C2667C9070062F86B /* CodeValidationViewController.swift in Sources */,
				AD8914262665154C00B960FD /* HistoryViewModel.swift in Sources */,
			);
			runOnlyForDeploymentPostprocessing = 0;
		};
		AD3D18632663F1EC00F853CC /* Sources */ = {
			isa = PBXSourcesBuildPhase;
			buildActionMask = 2147483647;
			files = (
				AD3D186C2663F1EC00F853CC /* eTuristTests.swift in Sources */,
			);
			runOnlyForDeploymentPostprocessing = 0;
		};
		AD3D186E2663F1EC00F853CC /* Sources */ = {
			isa = PBXSourcesBuildPhase;
			buildActionMask = 2147483647;
			files = (
				AD3D18772663F1EC00F853CC /* eTuristUITests.swift in Sources */,
			);
			runOnlyForDeploymentPostprocessing = 0;
		};
/* End PBXSourcesBuildPhase section */

/* Begin PBXTargetDependency section */
		AD3D18692663F1EC00F853CC /* PBXTargetDependency */ = {
			isa = PBXTargetDependency;
			target = AD3D18502663F1EB00F853CC /* eTurist */;
			targetProxy = AD3D18682663F1EC00F853CC /* PBXContainerItemProxy */;
		};
		AD3D18742663F1EC00F853CC /* PBXTargetDependency */ = {
			isa = PBXTargetDependency;
			target = AD3D18502663F1EB00F853CC /* eTurist */;
			targetProxy = AD3D18732663F1EC00F853CC /* PBXContainerItemProxy */;
		};
/* End PBXTargetDependency section */

/* Begin PBXVariantGroup section */
		AD3D185F2663F1EC00F853CC /* LaunchScreen.storyboard */ = {
			isa = PBXVariantGroup;
			children = (
				AD3D18602663F1EC00F853CC /* Base */,
			);
			name = LaunchScreen.storyboard;
			sourceTree = "<group>";
		};
/* End PBXVariantGroup section */

/* Begin XCBuildConfiguration section */
		AD3D18792663F1EC00F853CC /* Debug */ = {
			isa = XCBuildConfiguration;
			buildSettings = {
				ALWAYS_SEARCH_USER_PATHS = NO;
				CLANG_ANALYZER_NONNULL = YES;
				CLANG_ANALYZER_NUMBER_OBJECT_CONVERSION = YES_AGGRESSIVE;
				CLANG_CXX_LANGUAGE_STANDARD = "gnu++14";
				CLANG_CXX_LIBRARY = "libc++";
				CLANG_ENABLE_MODULES = YES;
				CLANG_ENABLE_OBJC_ARC = YES;
				CLANG_ENABLE_OBJC_WEAK = YES;
				CLANG_WARN_BLOCK_CAPTURE_AUTORELEASING = YES;
				CLANG_WARN_BOOL_CONVERSION = YES;
				CLANG_WARN_COMMA = YES;
				CLANG_WARN_CONSTANT_CONVERSION = YES;
				CLANG_WARN_DEPRECATED_OBJC_IMPLEMENTATIONS = YES;
				CLANG_WARN_DIRECT_OBJC_ISA_USAGE = YES_ERROR;
				CLANG_WARN_DOCUMENTATION_COMMENTS = YES;
				CLANG_WARN_EMPTY_BODY = YES;
				CLANG_WARN_ENUM_CONVERSION = YES;
				CLANG_WARN_INFINITE_RECURSION = YES;
				CLANG_WARN_INT_CONVERSION = YES;
				CLANG_WARN_NON_LITERAL_NULL_CONVERSION = YES;
				CLANG_WARN_OBJC_IMPLICIT_RETAIN_SELF = YES;
				CLANG_WARN_OBJC_LITERAL_CONVERSION = YES;
				CLANG_WARN_OBJC_ROOT_CLASS = YES_ERROR;
				CLANG_WARN_QUOTED_INCLUDE_IN_FRAMEWORK_HEADER = YES;
				CLANG_WARN_RANGE_LOOP_ANALYSIS = YES;
				CLANG_WARN_STRICT_PROTOTYPES = YES;
				CLANG_WARN_SUSPICIOUS_MOVE = YES;
				CLANG_WARN_UNGUARDED_AVAILABILITY = YES_AGGRESSIVE;
				CLANG_WARN_UNREACHABLE_CODE = YES;
				CLANG_WARN__DUPLICATE_METHOD_MATCH = YES;
				COPY_PHASE_STRIP = NO;
				DEBUG_INFORMATION_FORMAT = dwarf;
				ENABLE_STRICT_OBJC_MSGSEND = YES;
				ENABLE_TESTABILITY = YES;
				GCC_C_LANGUAGE_STANDARD = gnu11;
				GCC_DYNAMIC_NO_PIC = NO;
				GCC_NO_COMMON_BLOCKS = YES;
				GCC_OPTIMIZATION_LEVEL = 0;
				GCC_PREPROCESSOR_DEFINITIONS = (
					"DEBUG=1",
					"$(inherited)",
				);
				GCC_WARN_64_TO_32_BIT_CONVERSION = YES;
				GCC_WARN_ABOUT_RETURN_TYPE = YES_ERROR;
				GCC_WARN_UNDECLARED_SELECTOR = YES;
				GCC_WARN_UNINITIALIZED_AUTOS = YES_AGGRESSIVE;
				GCC_WARN_UNUSED_FUNCTION = YES;
				GCC_WARN_UNUSED_VARIABLE = YES;
				IPHONEOS_DEPLOYMENT_TARGET = 14.3;
				MTL_ENABLE_DEBUG_INFO = INCLUDE_SOURCE;
				MTL_FAST_MATH = YES;
				ONLY_ACTIVE_ARCH = YES;
				SDKROOT = iphoneos;
				SWIFT_ACTIVE_COMPILATION_CONDITIONS = DEBUG;
				SWIFT_OPTIMIZATION_LEVEL = "-Onone";
			};
			name = Debug;
		};
		AD3D187A2663F1EC00F853CC /* Release */ = {
			isa = XCBuildConfiguration;
			buildSettings = {
				ALWAYS_SEARCH_USER_PATHS = NO;
				CLANG_ANALYZER_NONNULL = YES;
				CLANG_ANALYZER_NUMBER_OBJECT_CONVERSION = YES_AGGRESSIVE;
				CLANG_CXX_LANGUAGE_STANDARD = "gnu++14";
				CLANG_CXX_LIBRARY = "libc++";
				CLANG_ENABLE_MODULES = YES;
				CLANG_ENABLE_OBJC_ARC = YES;
				CLANG_ENABLE_OBJC_WEAK = YES;
				CLANG_WARN_BLOCK_CAPTURE_AUTORELEASING = YES;
				CLANG_WARN_BOOL_CONVERSION = YES;
				CLANG_WARN_COMMA = YES;
				CLANG_WARN_CONSTANT_CONVERSION = YES;
				CLANG_WARN_DEPRECATED_OBJC_IMPLEMENTATIONS = YES;
				CLANG_WARN_DIRECT_OBJC_ISA_USAGE = YES_ERROR;
				CLANG_WARN_DOCUMENTATION_COMMENTS = YES;
				CLANG_WARN_EMPTY_BODY = YES;
				CLANG_WARN_ENUM_CONVERSION = YES;
				CLANG_WARN_INFINITE_RECURSION = YES;
				CLANG_WARN_INT_CONVERSION = YES;
				CLANG_WARN_NON_LITERAL_NULL_CONVERSION = YES;
				CLANG_WARN_OBJC_IMPLICIT_RETAIN_SELF = YES;
				CLANG_WARN_OBJC_LITERAL_CONVERSION = YES;
				CLANG_WARN_OBJC_ROOT_CLASS = YES_ERROR;
				CLANG_WARN_QUOTED_INCLUDE_IN_FRAMEWORK_HEADER = YES;
				CLANG_WARN_RANGE_LOOP_ANALYSIS = YES;
				CLANG_WARN_STRICT_PROTOTYPES = YES;
				CLANG_WARN_SUSPICIOUS_MOVE = YES;
				CLANG_WARN_UNGUARDED_AVAILABILITY = YES_AGGRESSIVE;
				CLANG_WARN_UNREACHABLE_CODE = YES;
				CLANG_WARN__DUPLICATE_METHOD_MATCH = YES;
				COPY_PHASE_STRIP = NO;
				DEBUG_INFORMATION_FORMAT = "dwarf-with-dsym";
				ENABLE_NS_ASSERTIONS = NO;
				ENABLE_STRICT_OBJC_MSGSEND = YES;
				GCC_C_LANGUAGE_STANDARD = gnu11;
				GCC_NO_COMMON_BLOCKS = YES;
				GCC_WARN_64_TO_32_BIT_CONVERSION = YES;
				GCC_WARN_ABOUT_RETURN_TYPE = YES_ERROR;
				GCC_WARN_UNDECLARED_SELECTOR = YES;
				GCC_WARN_UNINITIALIZED_AUTOS = YES_AGGRESSIVE;
				GCC_WARN_UNUSED_FUNCTION = YES;
				GCC_WARN_UNUSED_VARIABLE = YES;
				IPHONEOS_DEPLOYMENT_TARGET = 14.3;
				MTL_ENABLE_DEBUG_INFO = NO;
				MTL_FAST_MATH = YES;
				SDKROOT = iphoneos;
				SWIFT_COMPILATION_MODE = wholemodule;
				SWIFT_OPTIMIZATION_LEVEL = "-O";
				VALIDATE_PRODUCT = YES;
			};
			name = Release;
		};
		AD3D187C2663F1EC00F853CC /* Debug */ = {
			isa = XCBuildConfiguration;
			baseConfigurationReference = 703F936134A68E31F54B1586 /* Pods-eTurist.debug.xcconfig */;
			buildSettings = {
				ASSETCATALOG_COMPILER_APPICON_NAME = AppIcon;
				ASSETCATALOG_COMPILER_GLOBAL_ACCENT_COLOR_NAME = AccentColor;
				CODE_SIGN_STYLE = Automatic;
				DEVELOPMENT_TEAM = 2GKTGSB5FH;
				INFOPLIST_FILE = eTurist/Info.plist;
				IPHONEOS_DEPLOYMENT_TARGET = 14.2;
				LD_RUNPATH_SEARCH_PATHS = (
					"$(inherited)",
					"@executable_path/Frameworks",
				);
				PRODUCT_BUNDLE_IDENTIFIER = com.croentrain.eTurist;
				PRODUCT_NAME = "$(TARGET_NAME)";
				SWIFT_VERSION = 5.0;
				TARGETED_DEVICE_FAMILY = "1,2";
			};
			name = Debug;
		};
		AD3D187D2663F1EC00F853CC /* Release */ = {
			isa = XCBuildConfiguration;
			baseConfigurationReference = E80E4094506AA5CE3235B5BE /* Pods-eTurist.release.xcconfig */;
			buildSettings = {
				ASSETCATALOG_COMPILER_APPICON_NAME = AppIcon;
				ASSETCATALOG_COMPILER_GLOBAL_ACCENT_COLOR_NAME = AccentColor;
				CODE_SIGN_STYLE = Automatic;
				DEVELOPMENT_TEAM = 2GKTGSB5FH;
				INFOPLIST_FILE = eTurist/Info.plist;
				IPHONEOS_DEPLOYMENT_TARGET = 14.2;
				LD_RUNPATH_SEARCH_PATHS = (
					"$(inherited)",
					"@executable_path/Frameworks",
				);
				PRODUCT_BUNDLE_IDENTIFIER = com.croentrain.eTurist;
				PRODUCT_NAME = "$(TARGET_NAME)";
				SWIFT_VERSION = 5.0;
				TARGETED_DEVICE_FAMILY = "1,2";
			};
			name = Release;
		};
		AD3D187F2663F1EC00F853CC /* Debug */ = {
			isa = XCBuildConfiguration;
			buildSettings = {
				ALWAYS_EMBED_SWIFT_STANDARD_LIBRARIES = YES;
				BUNDLE_LOADER = "$(TEST_HOST)";
				CODE_SIGN_STYLE = Automatic;
				DEVELOPMENT_TEAM = 2GKTGSB5FH;
				INFOPLIST_FILE = eTuristTests/Info.plist;
				IPHONEOS_DEPLOYMENT_TARGET = 14.3;
				LD_RUNPATH_SEARCH_PATHS = (
					"$(inherited)",
					"@executable_path/Frameworks",
					"@loader_path/Frameworks",
				);
				PRODUCT_BUNDLE_IDENTIFIER = com.croentrain.eTuristTests;
				PRODUCT_NAME = "$(TARGET_NAME)";
				SWIFT_VERSION = 5.0;
				TARGETED_DEVICE_FAMILY = "1,2";
				TEST_HOST = "$(BUILT_PRODUCTS_DIR)/eTurist.app/eTurist";
			};
			name = Debug;
		};
		AD3D18802663F1EC00F853CC /* Release */ = {
			isa = XCBuildConfiguration;
			buildSettings = {
				ALWAYS_EMBED_SWIFT_STANDARD_LIBRARIES = YES;
				BUNDLE_LOADER = "$(TEST_HOST)";
				CODE_SIGN_STYLE = Automatic;
				DEVELOPMENT_TEAM = 2GKTGSB5FH;
				INFOPLIST_FILE = eTuristTests/Info.plist;
				IPHONEOS_DEPLOYMENT_TARGET = 14.3;
				LD_RUNPATH_SEARCH_PATHS = (
					"$(inherited)",
					"@executable_path/Frameworks",
					"@loader_path/Frameworks",
				);
				PRODUCT_BUNDLE_IDENTIFIER = com.croentrain.eTuristTests;
				PRODUCT_NAME = "$(TARGET_NAME)";
				SWIFT_VERSION = 5.0;
				TARGETED_DEVICE_FAMILY = "1,2";
				TEST_HOST = "$(BUILT_PRODUCTS_DIR)/eTurist.app/eTurist";
			};
			name = Release;
		};
		AD3D18822663F1EC00F853CC /* Debug */ = {
			isa = XCBuildConfiguration;
			buildSettings = {
				ALWAYS_EMBED_SWIFT_STANDARD_LIBRARIES = YES;
				CODE_SIGN_STYLE = Automatic;
				DEVELOPMENT_TEAM = 2GKTGSB5FH;
				INFOPLIST_FILE = eTuristUITests/Info.plist;
				LD_RUNPATH_SEARCH_PATHS = (
					"$(inherited)",
					"@executable_path/Frameworks",
					"@loader_path/Frameworks",
				);
				PRODUCT_BUNDLE_IDENTIFIER = com.croentrain.eTuristUITests;
				PRODUCT_NAME = "$(TARGET_NAME)";
				SWIFT_VERSION = 5.0;
				TARGETED_DEVICE_FAMILY = "1,2";
				TEST_TARGET_NAME = eTurist;
			};
			name = Debug;
		};
		AD3D18832663F1EC00F853CC /* Release */ = {
			isa = XCBuildConfiguration;
			buildSettings = {
				ALWAYS_EMBED_SWIFT_STANDARD_LIBRARIES = YES;
				CODE_SIGN_STYLE = Automatic;
				DEVELOPMENT_TEAM = 2GKTGSB5FH;
				INFOPLIST_FILE = eTuristUITests/Info.plist;
				LD_RUNPATH_SEARCH_PATHS = (
					"$(inherited)",
					"@executable_path/Frameworks",
					"@loader_path/Frameworks",
				);
				PRODUCT_BUNDLE_IDENTIFIER = com.croentrain.eTuristUITests;
				PRODUCT_NAME = "$(TARGET_NAME)";
				SWIFT_VERSION = 5.0;
				TARGETED_DEVICE_FAMILY = "1,2";
				TEST_TARGET_NAME = eTurist;
			};
			name = Release;
		};
/* End XCBuildConfiguration section */

/* Begin XCConfigurationList section */
		AD3D184C2663F1EB00F853CC /* Build configuration list for PBXProject "eTurist" */ = {
			isa = XCConfigurationList;
			buildConfigurations = (
				AD3D18792663F1EC00F853CC /* Debug */,
				AD3D187A2663F1EC00F853CC /* Release */,
			);
			defaultConfigurationIsVisible = 0;
			defaultConfigurationName = Release;
		};
		AD3D187B2663F1EC00F853CC /* Build configuration list for PBXNativeTarget "eTurist" */ = {
			isa = XCConfigurationList;
			buildConfigurations = (
				AD3D187C2663F1EC00F853CC /* Debug */,
				AD3D187D2663F1EC00F853CC /* Release */,
			);
			defaultConfigurationIsVisible = 0;
			defaultConfigurationName = Release;
		};
		AD3D187E2663F1EC00F853CC /* Build configuration list for PBXNativeTarget "eTuristTests" */ = {
			isa = XCConfigurationList;
			buildConfigurations = (
				AD3D187F2663F1EC00F853CC /* Debug */,
				AD3D18802663F1EC00F853CC /* Release */,
			);
			defaultConfigurationIsVisible = 0;
			defaultConfigurationName = Release;
		};
		AD3D18812663F1EC00F853CC /* Build configuration list for PBXNativeTarget "eTuristUITests" */ = {
			isa = XCConfigurationList;
			buildConfigurations = (
				AD3D18822663F1EC00F853CC /* Debug */,
				AD3D18832663F1EC00F853CC /* Release */,
			);
			defaultConfigurationIsVisible = 0;
			defaultConfigurationName = Release;
		};
/* End XCConfigurationList section */
	};
	rootObject = AD3D18492663F1EB00F853CC /* Project object */;
}
